// !$*UTF8*$!
{
	archiveVersion = 1;
	classes = {
	};
	objectVersion = 56;
	objects = {

/* Begin PBXBuildFile section */
		A0667B1D291584B90054DE04 /* UIConstants.swift in Sources */ = {isa = PBXBuildFile; fileRef = A0667B1C291584B90054DE04 /* UIConstants.swift */; };
		A0667B1F291588070054DE04 /* Consumption.swift in Sources */ = {isa = PBXBuildFile; fileRef = A0667B1E291588070054DE04 /* Consumption.swift */; };
		A0667B2129158D670054DE04 /* SecondaryButtonStyle.swift in Sources */ = {isa = PBXBuildFile; fileRef = A0667B2029158D670054DE04 /* SecondaryButtonStyle.swift */; };
		A0667B2529159BD80054DE04 /* DailyConsumptionView.swift in Sources */ = {isa = PBXBuildFile; fileRef = A0667B2429159BD80054DE04 /* DailyConsumptionView.swift */; };
		A0667B2729159C470054DE04 /* DailyConsumptionViewModel.swift in Sources */ = {isa = PBXBuildFile; fileRef = A0667B2629159C470054DE04 /* DailyConsumptionViewModel.swift */; };
		A0667B2A29159E390054DE04 /* DateExtensions.swift in Sources */ = {isa = PBXBuildFile; fileRef = A0667B2929159E390054DE04 /* DateExtensions.swift */; };
		A0667B2E29159F750054DE04 /* CommunicatorProtocol.swift in Sources */ = {isa = PBXBuildFile; fileRef = A0667B2D29159F750054DE04 /* CommunicatorProtocol.swift */; };
		A0667B3029159FB30054DE04 /* Communicator.swift in Sources */ = {isa = PBXBuildFile; fileRef = A0667B2F29159FB30054DE04 /* Communicator.swift */; };
		A0667B332915A0C80054DE04 /* DailyConsumptionDto.swift in Sources */ = {isa = PBXBuildFile; fileRef = A0667B322915A0C80054DE04 /* DailyConsumptionDto.swift */; };
		A0667B352915A0EE0054DE04 /* ConsumptionDto.swift in Sources */ = {isa = PBXBuildFile; fileRef = A0667B342915A0EE0054DE04 /* ConsumptionDto.swift */; };
		A0667B382915A1AE0054DE04 /* Bootstrapper.swift in Sources */ = {isa = PBXBuildFile; fileRef = A0667B372915A1AE0054DE04 /* Bootstrapper.swift */; };
		A0667B3A2915A1CF0054DE04 /* DIContainer.swift in Sources */ = {isa = PBXBuildFile; fileRef = A0667B392915A1CF0054DE04 /* DIContainer.swift */; };
		A0667B3D2915C4160054DE04 /* ColorCode.swift in Sources */ = {isa = PBXBuildFile; fileRef = A0667B3C2915C4160054DE04 /* ColorCode.swift */; };
		A0667B402915C5250054DE04 /* ColorExtensions.swift in Sources */ = {isa = PBXBuildFile; fileRef = A0667B3F2915C5250054DE04 /* ColorExtensions.swift */; };
		A083D63329156953000DC70C /* ConsumptionView.swift in Sources */ = {isa = PBXBuildFile; fileRef = A083D63229156953000DC70C /* ConsumptionView.swift */; };
		A083D63529156961000DC70C /* UsageStatsViewModel.swift in Sources */ = {isa = PBXBuildFile; fileRef = A083D63429156961000DC70C /* UsageStatsViewModel.swift */; };
		A083D639291572C6000DC70C /* UsageStatsView.swift in Sources */ = {isa = PBXBuildFile; fileRef = A083D638291572C6000DC70C /* UsageStatsView.swift */; };
		A083D63C2915778A000DC70C /* DailyGraphView.swift in Sources */ = {isa = PBXBuildFile; fileRef = A083D63B2915778A000DC70C /* DailyGraphView.swift */; };
		A083D63E2915779C000DC70C /* DailyGraphViewModel.swift in Sources */ = {isa = PBXBuildFile; fileRef = A083D63D2915779C000DC70C /* DailyGraphViewModel.swift */; };
		A083D64329158459000DC70C /* PrimaryButtonStyle.swift in Sources */ = {isa = PBXBuildFile; fileRef = A083D64229158459000DC70C /* PrimaryButtonStyle.swift */; };
		A0874EBB29155D5F00F118EA /* JunctionApp.swift in Sources */ = {isa = PBXBuildFile; fileRef = A0874EBA29155D5F00F118EA /* JunctionApp.swift */; };
		A0874EBF29155D6100F118EA /* Assets.xcassets in Resources */ = {isa = PBXBuildFile; fileRef = A0874EBE29155D6100F118EA /* Assets.xcassets */; };
		A0874EC229155D6100F118EA /* Preview Assets.xcassets in Resources */ = {isa = PBXBuildFile; fileRef = A0874EC129155D6100F118EA /* Preview Assets.xcassets */; };
		A0A5F9142916A40B00416764 /* DeviceListView.swift in Sources */ = {isa = PBXBuildFile; fileRef = A0A5F9132916A40B00416764 /* DeviceListView.swift */; };
		A0A5F9162916A46A00416764 /* DeviceRowView.swift in Sources */ = {isa = PBXBuildFile; fileRef = A0A5F9152916A46A00416764 /* DeviceRowView.swift */; };
		A0A5F9182916A54100416764 /* DeviceRowViewModel.swift in Sources */ = {isa = PBXBuildFile; fileRef = A0A5F9172916A54100416764 /* DeviceRowViewModel.swift */; };
		A0A5F91D2916A77300416764 /* DeviceStatsView.swift in Sources */ = {isa = PBXBuildFile; fileRef = A0A5F91C2916A77300416764 /* DeviceStatsView.swift */; };
		A0A5F91F2916A7A300416764 /* Device.swift in Sources */ = {isa = PBXBuildFile; fileRef = A0A5F91E2916A7A300416764 /* Device.swift */; };
		A0A5F9212916A7F300416764 /* DeviceListViewModel.swift in Sources */ = {isa = PBXBuildFile; fileRef = A0A5F9202916A7F300416764 /* DeviceListViewModel.swift */; };
		FDFD794A51749297971488B2 /* Pods_JunctionApp.framework in Frameworks */ = {isa = PBXBuildFile; fileRef = 88FC7015127477DA097B8FBE /* Pods_JunctionApp.framework */; };
/* End PBXBuildFile section */

/* Begin PBXFileReference section */
		1C1C15EF3A677E46A03DEFDE /* Pods-JunctionApp.release.xcconfig */ = {isa = PBXFileReference; includeInIndex = 1; lastKnownFileType = text.xcconfig; name = "Pods-JunctionApp.release.xcconfig"; path = "Target Support Files/Pods-JunctionApp/Pods-JunctionApp.release.xcconfig"; sourceTree = "<group>"; };
		88FC7015127477DA097B8FBE /* Pods_JunctionApp.framework */ = {isa = PBXFileReference; explicitFileType = wrapper.framework; includeInIndex = 0; path = Pods_JunctionApp.framework; sourceTree = BUILT_PRODUCTS_DIR; };
		A0667B1C291584B90054DE04 /* UIConstants.swift */ = {isa = PBXFileReference; lastKnownFileType = sourcecode.swift; path = UIConstants.swift; sourceTree = "<group>"; };
		A0667B1E291588070054DE04 /* Consumption.swift */ = {isa = PBXFileReference; lastKnownFileType = sourcecode.swift; path = Consumption.swift; sourceTree = "<group>"; };
		A0667B2029158D670054DE04 /* SecondaryButtonStyle.swift */ = {isa = PBXFileReference; lastKnownFileType = sourcecode.swift; path = SecondaryButtonStyle.swift; sourceTree = "<group>"; };
		A0667B2429159BD80054DE04 /* DailyConsumptionView.swift */ = {isa = PBXFileReference; lastKnownFileType = sourcecode.swift; path = DailyConsumptionView.swift; sourceTree = "<group>"; };
		A0667B2629159C470054DE04 /* DailyConsumptionViewModel.swift */ = {isa = PBXFileReference; lastKnownFileType = sourcecode.swift; path = DailyConsumptionViewModel.swift; sourceTree = "<group>"; };
		A0667B2929159E390054DE04 /* DateExtensions.swift */ = {isa = PBXFileReference; lastKnownFileType = sourcecode.swift; path = DateExtensions.swift; sourceTree = "<group>"; };
		A0667B2D29159F750054DE04 /* CommunicatorProtocol.swift */ = {isa = PBXFileReference; lastKnownFileType = sourcecode.swift; path = CommunicatorProtocol.swift; sourceTree = "<group>"; };
		A0667B2F29159FB30054DE04 /* Communicator.swift */ = {isa = PBXFileReference; lastKnownFileType = sourcecode.swift; path = Communicator.swift; sourceTree = "<group>"; };
		A0667B322915A0C80054DE04 /* DailyConsumptionDto.swift */ = {isa = PBXFileReference; lastKnownFileType = sourcecode.swift; path = DailyConsumptionDto.swift; sourceTree = "<group>"; };
		A0667B342915A0EE0054DE04 /* ConsumptionDto.swift */ = {isa = PBXFileReference; lastKnownFileType = sourcecode.swift; path = ConsumptionDto.swift; sourceTree = "<group>"; };
		A0667B372915A1AE0054DE04 /* Bootstrapper.swift */ = {isa = PBXFileReference; lastKnownFileType = sourcecode.swift; path = Bootstrapper.swift; sourceTree = "<group>"; };
		A0667B392915A1CF0054DE04 /* DIContainer.swift */ = {isa = PBXFileReference; lastKnownFileType = sourcecode.swift; path = DIContainer.swift; sourceTree = "<group>"; };
		A0667B3C2915C4160054DE04 /* ColorCode.swift */ = {isa = PBXFileReference; lastKnownFileType = sourcecode.swift; path = ColorCode.swift; sourceTree = "<group>"; };
		A0667B3F2915C5250054DE04 /* ColorExtensions.swift */ = {isa = PBXFileReference; lastKnownFileType = sourcecode.swift; path = ColorExtensions.swift; sourceTree = "<group>"; };
		A083D63229156953000DC70C /* ConsumptionView.swift */ = {isa = PBXFileReference; lastKnownFileType = sourcecode.swift; path = ConsumptionView.swift; sourceTree = "<group>"; };
		A083D63429156961000DC70C /* UsageStatsViewModel.swift */ = {isa = PBXFileReference; lastKnownFileType = sourcecode.swift; path = UsageStatsViewModel.swift; sourceTree = "<group>"; };
		A083D638291572C6000DC70C /* UsageStatsView.swift */ = {isa = PBXFileReference; lastKnownFileType = sourcecode.swift; path = UsageStatsView.swift; sourceTree = "<group>"; };
		A083D63B2915778A000DC70C /* DailyGraphView.swift */ = {isa = PBXFileReference; lastKnownFileType = sourcecode.swift; path = DailyGraphView.swift; sourceTree = "<group>"; };
		A083D63D2915779C000DC70C /* DailyGraphViewModel.swift */ = {isa = PBXFileReference; lastKnownFileType = sourcecode.swift; path = DailyGraphViewModel.swift; sourceTree = "<group>"; };
		A083D64229158459000DC70C /* PrimaryButtonStyle.swift */ = {isa = PBXFileReference; lastKnownFileType = sourcecode.swift; path = PrimaryButtonStyle.swift; sourceTree = "<group>"; };
		A0874EB729155D5F00F118EA /* JunctionApp.app */ = {isa = PBXFileReference; explicitFileType = wrapper.application; includeInIndex = 0; path = JunctionApp.app; sourceTree = BUILT_PRODUCTS_DIR; };
		A0874EBA29155D5F00F118EA /* JunctionApp.swift */ = {isa = PBXFileReference; lastKnownFileType = sourcecode.swift; path = JunctionApp.swift; sourceTree = "<group>"; };
		A0874EBE29155D6100F118EA /* Assets.xcassets */ = {isa = PBXFileReference; lastKnownFileType = folder.assetcatalog; path = Assets.xcassets; sourceTree = "<group>"; };
		A0874EC129155D6100F118EA /* Preview Assets.xcassets */ = {isa = PBXFileReference; lastKnownFileType = folder.assetcatalog; path = "Preview Assets.xcassets"; sourceTree = "<group>"; };
		A0A5F9132916A40B00416764 /* DeviceListView.swift */ = {isa = PBXFileReference; lastKnownFileType = sourcecode.swift; path = DeviceListView.swift; sourceTree = "<group>"; };
		A0A5F9152916A46A00416764 /* DeviceRowView.swift */ = {isa = PBXFileReference; lastKnownFileType = sourcecode.swift; path = DeviceRowView.swift; sourceTree = "<group>"; };
		A0A5F9172916A54100416764 /* DeviceRowViewModel.swift */ = {isa = PBXFileReference; lastKnownFileType = sourcecode.swift; path = DeviceRowViewModel.swift; sourceTree = "<group>"; };
		A0A5F91C2916A77300416764 /* DeviceStatsView.swift */ = {isa = PBXFileReference; lastKnownFileType = sourcecode.swift; path = DeviceStatsView.swift; sourceTree = "<group>"; };
		A0A5F91E2916A7A300416764 /* Device.swift */ = {isa = PBXFileReference; lastKnownFileType = sourcecode.swift; path = Device.swift; sourceTree = "<group>"; };
		A0A5F9202916A7F300416764 /* DeviceListViewModel.swift */ = {isa = PBXFileReference; lastKnownFileType = sourcecode.swift; path = DeviceListViewModel.swift; sourceTree = "<group>"; };
		CD8B9E178DCAB8806A00321C /* Pods-JunctionApp.debug.xcconfig */ = {isa = PBXFileReference; includeInIndex = 1; lastKnownFileType = text.xcconfig; name = "Pods-JunctionApp.debug.xcconfig"; path = "Target Support Files/Pods-JunctionApp/Pods-JunctionApp.debug.xcconfig"; sourceTree = "<group>"; };
/* End PBXFileReference section */

/* Begin PBXFrameworksBuildPhase section */
		A0874EB429155D5F00F118EA /* Frameworks */ = {
			isa = PBXFrameworksBuildPhase;
			buildActionMask = 2147483647;
			files = (
				FDFD794A51749297971488B2 /* Pods_JunctionApp.framework in Frameworks */,
			);
			runOnlyForDeploymentPostprocessing = 0;
		};
/* End PBXFrameworksBuildPhase section */

/* Begin PBXGroup section */
		A0667B1B291584A80054DE04 /* Constants */ = {
			isa = PBXGroup;
			children = (
				A0667B1C291584B90054DE04 /* UIConstants.swift */,
			);
			path = Constants;
			sourceTree = "<group>";
		};
		A0667B2229159B540054DE04 /* DailyConsumption */ = {
			isa = PBXGroup;
			children = (
				A0667B2429159BD80054DE04 /* DailyConsumptionView.swift */,
				A0667B2629159C470054DE04 /* DailyConsumptionViewModel.swift */,
			);
			path = DailyConsumption;
			sourceTree = "<group>";
		};
		A0667B2829159E230054DE04 /* Extensions */ = {
			isa = PBXGroup;
			children = (
				A0667B2929159E390054DE04 /* DateExtensions.swift */,
			);
			path = Extensions;
			sourceTree = "<group>";
		};
		A0667B2B29159F460054DE04 /* Networking */ = {
			isa = PBXGroup;
			children = (
				A0667B312915A0B70054DE04 /* Models */,
				A0667B2D29159F750054DE04 /* CommunicatorProtocol.swift */,
				A0667B2F29159FB30054DE04 /* Communicator.swift */,
			);
			path = Networking;
			sourceTree = "<group>";
		};
		A0667B2C29159F510054DE04 /* Dependency Injection */ = {
			isa = PBXGroup;
			children = (
				A0667B372915A1AE0054DE04 /* Bootstrapper.swift */,
				A0667B392915A1CF0054DE04 /* DIContainer.swift */,
			);
			path = "Dependency Injection";
			sourceTree = "<group>";
		};
		A0667B312915A0B70054DE04 /* Models */ = {
			isa = PBXGroup;
			children = (
				A0667B322915A0C80054DE04 /* DailyConsumptionDto.swift */,
				A0667B342915A0EE0054DE04 /* ConsumptionDto.swift */,
			);
			path = Models;
			sourceTree = "<group>";
		};
		A0667B3B2915C4050054DE04 /* Utilities */ = {
			isa = PBXGroup;
			children = (
				A0667B3C2915C4160054DE04 /* ColorCode.swift */,
			);
			path = Utilities;
			sourceTree = "<group>";
		};
		A0667B3E2915C5110054DE04 /* Extensions */ = {
			isa = PBXGroup;
			children = (
				A0667B3F2915C5250054DE04 /* ColorExtensions.swift */,
			);
			path = Extensions;
			sourceTree = "<group>";
		};
		A083D630291568A4000DC70C /* Services */ = {
			isa = PBXGroup;
			children = (
				A0667B2C29159F510054DE04 /* Dependency Injection */,
				A0667B2B29159F460054DE04 /* Networking */,
			);
			path = Services;
			sourceTree = "<group>";
		};
		A083D631291568B8000DC70C /* Consumption */ = {
			isa = PBXGroup;
			children = (
				A083D637291572AE000DC70C /* Usage Stats */,
				A083D63A29157764000DC70C /* Daily Graph */,
				A0667B2229159B540054DE04 /* DailyConsumption */,
				A083D63229156953000DC70C /* ConsumptionView.swift */,
				A0667B1E291588070054DE04 /* Consumption.swift */,
			);
			path = Consumption;
			sourceTree = "<group>";
		};
		A083D6362915698A000DC70C /* Modules */ = {
			isa = PBXGroup;
			children = (
				A0A5F9112916A3EF00416764 /* Devices */,
				A083D631291568B8000DC70C /* Consumption */,
			);
			path = Modules;
			sourceTree = "<group>";
		};
		A083D637291572AE000DC70C /* Usage Stats */ = {
			isa = PBXGroup;
			children = (
				A083D638291572C6000DC70C /* UsageStatsView.swift */,
				A083D63429156961000DC70C /* UsageStatsViewModel.swift */,
			);
			path = "Usage Stats";
			sourceTree = "<group>";
		};
		A083D63A29157764000DC70C /* Daily Graph */ = {
			isa = PBXGroup;
			children = (
				A083D63B2915778A000DC70C /* DailyGraphView.swift */,
				A083D63D2915779C000DC70C /* DailyGraphViewModel.swift */,
			);
			path = "Daily Graph";
			sourceTree = "<group>";
		};
		A083D63F2915841F000DC70C /* UI */ = {
			isa = PBXGroup;
			children = (
				A0667B3E2915C5110054DE04 /* Extensions */,
				A0667B3B2915C4050054DE04 /* Utilities */,
				A0667B1B291584A80054DE04 /* Constants */,
				A083D6402915842A000DC70C /* Styles */,
			);
			path = UI;
			sourceTree = "<group>";
		};
		A083D6402915842A000DC70C /* Styles */ = {
			isa = PBXGroup;
			children = (
				A083D64229158459000DC70C /* PrimaryButtonStyle.swift */,
				A0667B2029158D670054DE04 /* SecondaryButtonStyle.swift */,
			);
			path = Styles;
			sourceTree = "<group>";
		};
		A0874EAE29155D5F00F118EA = {
			isa = PBXGroup;
			children = (
				A0874EB929155D5F00F118EA /* JunctionApp */,
				A0874EB829155D5F00F118EA /* Products */,
				CB9A63E469DFC5BFB9EDA990 /* Pods */,
				F4980E9BDF486DA4254144F9 /* Frameworks */,
			);
			sourceTree = "<group>";
		};
		A0874EB829155D5F00F118EA /* Products */ = {
			isa = PBXGroup;
			children = (
				A0874EB729155D5F00F118EA /* JunctionApp.app */,
			);
			name = Products;
			sourceTree = "<group>";
		};
		A0874EB929155D5F00F118EA /* JunctionApp */ = {
			isa = PBXGroup;
			children = (
				A083D630291568A4000DC70C /* Services */,
				A0667B2829159E230054DE04 /* Extensions */,
				A083D6362915698A000DC70C /* Modules */,
				A083D63F2915841F000DC70C /* UI */,
				A0874EBA29155D5F00F118EA /* JunctionApp.swift */,
				A0874EBE29155D6100F118EA /* Assets.xcassets */,
				A0874EC029155D6100F118EA /* Preview Content */,
			);
			path = JunctionApp;
			sourceTree = "<group>";
		};
		A0874EC029155D6100F118EA /* Preview Content */ = {
			isa = PBXGroup;
			children = (
				A0874EC129155D6100F118EA /* Preview Assets.xcassets */,
			);
			path = "Preview Content";
			sourceTree = "<group>";
		};
		A0A5F9112916A3EF00416764 /* Devices */ = {
			isa = PBXGroup;
			children = (
				A0A5F9192916A74C00416764 /* Device Stats */,
				A0A5F9122916A3F800416764 /* Device List */,
				A0A5F91E2916A7A300416764 /* Device.swift */,
			);
			path = Devices;
			sourceTree = "<group>";
		};
		A0A5F9122916A3F800416764 /* Device List */ = {
			isa = PBXGroup;
			children = (
				A0A5F9132916A40B00416764 /* DeviceListView.swift */,
				A0A5F9202916A7F300416764 /* DeviceListViewModel.swift */,
				A0A5F9152916A46A00416764 /* DeviceRowView.swift */,
				A0A5F9172916A54100416764 /* DeviceRowViewModel.swift */,
			);
			path = "Device List";
			sourceTree = "<group>";
		};
		A0A5F9192916A74C00416764 /* Device Stats */ = {
			isa = PBXGroup;
			children = (
				A0A5F91C2916A77300416764 /* DeviceStatsView.swift */,
			);
			path = "Device Stats";
			sourceTree = "<group>";
		};
		CB9A63E469DFC5BFB9EDA990 /* Pods */ = {
			isa = PBXGroup;
			children = (
				CD8B9E178DCAB8806A00321C /* Pods-JunctionApp.debug.xcconfig */,
				1C1C15EF3A677E46A03DEFDE /* Pods-JunctionApp.release.xcconfig */,
			);
			path = Pods;
			sourceTree = "<group>";
		};
		F4980E9BDF486DA4254144F9 /* Frameworks */ = {
			isa = PBXGroup;
			children = (
				88FC7015127477DA097B8FBE /* Pods_JunctionApp.framework */,
			);
			name = Frameworks;
			sourceTree = "<group>";
		};
/* End PBXGroup section */

/* Begin PBXNativeTarget section */
		A0874EB629155D5F00F118EA /* JunctionApp */ = {
			isa = PBXNativeTarget;
			buildConfigurationList = A0874EC529155D6100F118EA /* Build configuration list for PBXNativeTarget "JunctionApp" */;
			buildPhases = (
				A449F0FC464A12F3EC616710 /* [CP] Check Pods Manifest.lock */,
				A0874EB329155D5F00F118EA /* Sources */,
				A0874EB429155D5F00F118EA /* Frameworks */,
				A0874EB529155D5F00F118EA /* Resources */,
				833C9AE7E74DE872EC5F7043 /* [CP] Embed Pods Frameworks */,
			);
			buildRules = (
			);
			dependencies = (
			);
			name = JunctionApp;
			productName = JunctionApp;
			productReference = A0874EB729155D5F00F118EA /* JunctionApp.app */;
			productType = "com.apple.product-type.application";
		};
/* End PBXNativeTarget section */

/* Begin PBXProject section */
		A0874EAF29155D5F00F118EA /* Project object */ = {
			isa = PBXProject;
			attributes = {
				BuildIndependentTargetsInParallel = 1;
				LastSwiftUpdateCheck = 1410;
				LastUpgradeCheck = 1410;
				TargetAttributes = {
					A0874EB629155D5F00F118EA = {
						CreatedOnToolsVersion = 14.1;
					};
				};
			};
			buildConfigurationList = A0874EB229155D5F00F118EA /* Build configuration list for PBXProject "JunctionApp" */;
			compatibilityVersion = "Xcode 14.0";
			developmentRegion = en;
			hasScannedForEncodings = 0;
			knownRegions = (
				en,
				Base,
			);
			mainGroup = A0874EAE29155D5F00F118EA;
			productRefGroup = A0874EB829155D5F00F118EA /* Products */;
			projectDirPath = "";
			projectRoot = "";
			targets = (
				A0874EB629155D5F00F118EA /* JunctionApp */,
			);
		};
/* End PBXProject section */

/* Begin PBXResourcesBuildPhase section */
		A0874EB529155D5F00F118EA /* Resources */ = {
			isa = PBXResourcesBuildPhase;
			buildActionMask = 2147483647;
			files = (
				A0874EC229155D6100F118EA /* Preview Assets.xcassets in Resources */,
				A0874EBF29155D6100F118EA /* Assets.xcassets in Resources */,
			);
			runOnlyForDeploymentPostprocessing = 0;
		};
/* End PBXResourcesBuildPhase section */

/* Begin PBXShellScriptBuildPhase section */
		833C9AE7E74DE872EC5F7043 /* [CP] Embed Pods Frameworks */ = {
			isa = PBXShellScriptBuildPhase;
			buildActionMask = 2147483647;
			files = (
			);
			inputFileListPaths = (
				"${PODS_ROOT}/Target Support Files/Pods-JunctionApp/Pods-JunctionApp-frameworks-${CONFIGURATION}-input-files.xcfilelist",
			);
			name = "[CP] Embed Pods Frameworks";
			outputFileListPaths = (
				"${PODS_ROOT}/Target Support Files/Pods-JunctionApp/Pods-JunctionApp-frameworks-${CONFIGURATION}-output-files.xcfilelist",
			);
			runOnlyForDeploymentPostprocessing = 0;
			shellPath = /bin/sh;
			shellScript = "\"${PODS_ROOT}/Target Support Files/Pods-JunctionApp/Pods-JunctionApp-frameworks.sh\"\n";
			showEnvVarsInLog = 0;
		};
		A449F0FC464A12F3EC616710 /* [CP] Check Pods Manifest.lock */ = {
			isa = PBXShellScriptBuildPhase;
			buildActionMask = 2147483647;
			files = (
			);
			inputFileListPaths = (
			);
			inputPaths = (
				"${PODS_PODFILE_DIR_PATH}/Podfile.lock",
				"${PODS_ROOT}/Manifest.lock",
			);
			name = "[CP] Check Pods Manifest.lock";
			outputFileListPaths = (
			);
			outputPaths = (
				"$(DERIVED_FILE_DIR)/Pods-JunctionApp-checkManifestLockResult.txt",
			);
			runOnlyForDeploymentPostprocessing = 0;
			shellPath = /bin/sh;
			shellScript = "diff \"${PODS_PODFILE_DIR_PATH}/Podfile.lock\" \"${PODS_ROOT}/Manifest.lock\" > /dev/null\nif [ $? != 0 ] ; then\n    # print error to STDERR\n    echo \"error: The sandbox is not in sync with the Podfile.lock. Run 'pod install' or update your CocoaPods installation.\" >&2\n    exit 1\nfi\n# This output is used by Xcode 'outputs' to avoid re-running this script phase.\necho \"SUCCESS\" > \"${SCRIPT_OUTPUT_FILE_0}\"\n";
			showEnvVarsInLog = 0;
		};
/* End PBXShellScriptBuildPhase section */

/* Begin PBXSourcesBuildPhase section */
		A0874EB329155D5F00F118EA /* Sources */ = {
			isa = PBXSourcesBuildPhase;
			buildActionMask = 2147483647;
			files = (
				A0667B3029159FB30054DE04 /* Communicator.swift in Sources */,
				A0667B2729159C470054DE04 /* DailyConsumptionViewModel.swift in Sources */,
				A083D64329158459000DC70C /* PrimaryButtonStyle.swift in Sources */,
				A0667B332915A0C80054DE04 /* DailyConsumptionDto.swift in Sources */,
				A0667B3D2915C4160054DE04 /* ColorCode.swift in Sources */,
				A0667B2E29159F750054DE04 /* CommunicatorProtocol.swift in Sources */,
				A083D63529156961000DC70C /* UsageStatsViewModel.swift in Sources */,
				A0667B382915A1AE0054DE04 /* Bootstrapper.swift in Sources */,
				A0874EBB29155D5F00F118EA /* JunctionApp.swift in Sources */,
				A0667B1F291588070054DE04 /* Consumption.swift in Sources */,
				A0667B2529159BD80054DE04 /* DailyConsumptionView.swift in Sources */,
				A0667B2129158D670054DE04 /* SecondaryButtonStyle.swift in Sources */,
				A083D639291572C6000DC70C /* UsageStatsView.swift in Sources */,
				A0A5F91F2916A7A300416764 /* Device.swift in Sources */,
				A083D63E2915779C000DC70C /* DailyGraphViewModel.swift in Sources */,
				A083D63C2915778A000DC70C /* DailyGraphView.swift in Sources */,
				A083D63329156953000DC70C /* ConsumptionView.swift in Sources */,
				A0A5F9162916A46A00416764 /* DeviceRowView.swift in Sources */,
				A0A5F9212916A7F300416764 /* DeviceListViewModel.swift in Sources */,
				A0667B352915A0EE0054DE04 /* ConsumptionDto.swift in Sources */,
				A0667B1D291584B90054DE04 /* UIConstants.swift in Sources */,
				A0A5F9142916A40B00416764 /* DeviceListView.swift in Sources */,
				A0667B3A2915A1CF0054DE04 /* DIContainer.swift in Sources */,
				A0667B2A29159E390054DE04 /* DateExtensions.swift in Sources */,
				A0A5F91D2916A77300416764 /* DeviceStatsView.swift in Sources */,
				A0667B402915C5250054DE04 /* ColorExtensions.swift in Sources */,
				A0A5F9182916A54100416764 /* DeviceRowViewModel.swift in Sources */,
			);
			runOnlyForDeploymentPostprocessing = 0;
		};
/* End PBXSourcesBuildPhase section */

/* Begin XCBuildConfiguration section */
		A0874EC329155D6100F118EA /* Debug */ = {
			isa = XCBuildConfiguration;
			buildSettings = {
				ALWAYS_SEARCH_USER_PATHS = NO;
				CLANG_ANALYZER_NONNULL = YES;
				CLANG_ANALYZER_NUMBER_OBJECT_CONVERSION = YES_AGGRESSIVE;
				CLANG_CXX_LANGUAGE_STANDARD = "gnu++20";
				CLANG_ENABLE_MODULES = YES;
				CLANG_ENABLE_OBJC_ARC = YES;
				CLANG_ENABLE_OBJC_WEAK = YES;
				CLANG_WARN_BLOCK_CAPTURE_AUTORELEASING = YES;
				CLANG_WARN_BOOL_CONVERSION = YES;
				CLANG_WARN_COMMA = YES;
				CLANG_WARN_CONSTANT_CONVERSION = YES;
				CLANG_WARN_DEPRECATED_OBJC_IMPLEMENTATIONS = YES;
				CLANG_WARN_DIRECT_OBJC_ISA_USAGE = YES_ERROR;
				CLANG_WARN_DOCUMENTATION_COMMENTS = YES;
				CLANG_WARN_EMPTY_BODY = YES;
				CLANG_WARN_ENUM_CONVERSION = YES;
				CLANG_WARN_INFINITE_RECURSION = YES;
				CLANG_WARN_INT_CONVERSION = YES;
				CLANG_WARN_NON_LITERAL_NULL_CONVERSION = YES;
				CLANG_WARN_OBJC_IMPLICIT_RETAIN_SELF = YES;
				CLANG_WARN_OBJC_LITERAL_CONVERSION = YES;
				CLANG_WARN_OBJC_ROOT_CLASS = YES_ERROR;
				CLANG_WARN_QUOTED_INCLUDE_IN_FRAMEWORK_HEADER = YES;
				CLANG_WARN_RANGE_LOOP_ANALYSIS = YES;
				CLANG_WARN_STRICT_PROTOTYPES = YES;
				CLANG_WARN_SUSPICIOUS_MOVE = YES;
				CLANG_WARN_UNGUARDED_AVAILABILITY = YES_AGGRESSIVE;
				CLANG_WARN_UNREACHABLE_CODE = YES;
				CLANG_WARN__DUPLICATE_METHOD_MATCH = YES;
				COPY_PHASE_STRIP = NO;
				DEBUG_INFORMATION_FORMAT = dwarf;
				ENABLE_STRICT_OBJC_MSGSEND = YES;
				ENABLE_TESTABILITY = YES;
				GCC_C_LANGUAGE_STANDARD = gnu11;
				GCC_DYNAMIC_NO_PIC = NO;
				GCC_NO_COMMON_BLOCKS = YES;
				GCC_OPTIMIZATION_LEVEL = 0;
				GCC_PREPROCESSOR_DEFINITIONS = (
					"DEBUG=1",
					"$(inherited)",
				);
				GCC_WARN_64_TO_32_BIT_CONVERSION = YES;
				GCC_WARN_ABOUT_RETURN_TYPE = YES_ERROR;
				GCC_WARN_UNDECLARED_SELECTOR = YES;
				GCC_WARN_UNINITIALIZED_AUTOS = YES_AGGRESSIVE;
				GCC_WARN_UNUSED_FUNCTION = YES;
				GCC_WARN_UNUSED_VARIABLE = YES;
				IPHONEOS_DEPLOYMENT_TARGET = 16.1;
				MTL_ENABLE_DEBUG_INFO = INCLUDE_SOURCE;
				MTL_FAST_MATH = YES;
				ONLY_ACTIVE_ARCH = YES;
				SDKROOT = iphoneos;
				SWIFT_ACTIVE_COMPILATION_CONDITIONS = DEBUG;
				SWIFT_OPTIMIZATION_LEVEL = "-Onone";
			};
			name = Debug;
		};
		A0874EC429155D6100F118EA /* Release */ = {
			isa = XCBuildConfiguration;
			buildSettings = {
				ALWAYS_SEARCH_USER_PATHS = NO;
				CLANG_ANALYZER_NONNULL = YES;
				CLANG_ANALYZER_NUMBER_OBJECT_CONVERSION = YES_AGGRESSIVE;
				CLANG_CXX_LANGUAGE_STANDARD = "gnu++20";
				CLANG_ENABLE_MODULES = YES;
				CLANG_ENABLE_OBJC_ARC = YES;
				CLANG_ENABLE_OBJC_WEAK = YES;
				CLANG_WARN_BLOCK_CAPTURE_AUTORELEASING = YES;
				CLANG_WARN_BOOL_CONVERSION = YES;
				CLANG_WARN_COMMA = YES;
				CLANG_WARN_CONSTANT_CONVERSION = YES;
				CLANG_WARN_DEPRECATED_OBJC_IMPLEMENTATIONS = YES;
				CLANG_WARN_DIRECT_OBJC_ISA_USAGE = YES_ERROR;
				CLANG_WARN_DOCUMENTATION_COMMENTS = YES;
				CLANG_WARN_EMPTY_BODY = YES;
				CLANG_WARN_ENUM_CONVERSION = YES;
				CLANG_WARN_INFINITE_RECURSION = YES;
				CLANG_WARN_INT_CONVERSION = YES;
				CLANG_WARN_NON_LITERAL_NULL_CONVERSION = YES;
				CLANG_WARN_OBJC_IMPLICIT_RETAIN_SELF = YES;
				CLANG_WARN_OBJC_LITERAL_CONVERSION = YES;
				CLANG_WARN_OBJC_ROOT_CLASS = YES_ERROR;
				CLANG_WARN_QUOTED_INCLUDE_IN_FRAMEWORK_HEADER = YES;
				CLANG_WARN_RANGE_LOOP_ANALYSIS = YES;
				CLANG_WARN_STRICT_PROTOTYPES = YES;
				CLANG_WARN_SUSPICIOUS_MOVE = YES;
				CLANG_WARN_UNGUARDED_AVAILABILITY = YES_AGGRESSIVE;
				CLANG_WARN_UNREACHABLE_CODE = YES;
				CLANG_WARN__DUPLICATE_METHOD_MATCH = YES;
				COPY_PHASE_STRIP = NO;
				DEBUG_INFORMATION_FORMAT = "dwarf-with-dsym";
				ENABLE_NS_ASSERTIONS = NO;
				ENABLE_STRICT_OBJC_MSGSEND = YES;
				GCC_C_LANGUAGE_STANDARD = gnu11;
				GCC_NO_COMMON_BLOCKS = YES;
				GCC_WARN_64_TO_32_BIT_CONVERSION = YES;
				GCC_WARN_ABOUT_RETURN_TYPE = YES_ERROR;
				GCC_WARN_UNDECLARED_SELECTOR = YES;
				GCC_WARN_UNINITIALIZED_AUTOS = YES_AGGRESSIVE;
				GCC_WARN_UNUSED_FUNCTION = YES;
				GCC_WARN_UNUSED_VARIABLE = YES;
				IPHONEOS_DEPLOYMENT_TARGET = 16.1;
				MTL_ENABLE_DEBUG_INFO = NO;
				MTL_FAST_MATH = YES;
				SDKROOT = iphoneos;
				SWIFT_COMPILATION_MODE = wholemodule;
				SWIFT_OPTIMIZATION_LEVEL = "-O";
				VALIDATE_PRODUCT = YES;
			};
			name = Release;
		};
		A0874EC629155D6100F118EA /* Debug */ = {
			isa = XCBuildConfiguration;
			baseConfigurationReference = CD8B9E178DCAB8806A00321C /* Pods-JunctionApp.debug.xcconfig */;
			buildSettings = {
				ASSETCATALOG_COMPILER_APPICON_NAME = AppIcon;
				ASSETCATALOG_COMPILER_GLOBAL_ACCENT_COLOR_NAME = AccentColor;
				CODE_SIGN_STYLE = Automatic;
				CURRENT_PROJECT_VERSION = 1;
				DEVELOPMENT_ASSET_PATHS = "\"JunctionApp/Preview Content\"";
				ENABLE_PREVIEWS = YES;
				GENERATE_INFOPLIST_FILE = YES;
				INFOPLIST_KEY_UIApplicationSceneManifest_Generation = YES;
				INFOPLIST_KEY_UIApplicationSupportsIndirectInputEvents = YES;
				INFOPLIST_KEY_UILaunchScreen_Generation = YES;
				INFOPLIST_KEY_UISupportedInterfaceOrientations_iPad = "UIInterfaceOrientationPortrait UIInterfaceOrientationPortraitUpsideDown UIInterfaceOrientationLandscapeLeft UIInterfaceOrientationLandscapeRight";
				INFOPLIST_KEY_UISupportedInterfaceOrientations_iPhone = "UIInterfaceOrientationPortrait UIInterfaceOrientationLandscapeLeft UIInterfaceOrientationLandscapeRight";
				IPHONEOS_DEPLOYMENT_TARGET = 16.0;
				LD_RUNPATH_SEARCH_PATHS = (
					"$(inherited)",
					"@executable_path/Frameworks",
				);
				MARKETING_VERSION = 1.0;
				PRODUCT_BUNDLE_IDENTIFIER = com.phoenix.JunctionApp;
				PRODUCT_NAME = "$(TARGET_NAME)";
				SWIFT_EMIT_LOC_STRINGS = YES;
				SWIFT_VERSION = 5.0;
				TARGETED_DEVICE_FAMILY = "1,2";
			};
			name = Debug;
		};
		A0874EC729155D6100F118EA /* Release */ = {
			isa = XCBuildConfiguration;
			baseConfigurationReference = 1C1C15EF3A677E46A03DEFDE /* Pods-JunctionApp.release.xcconfig */;
			buildSettings = {
				ASSETCATALOG_COMPILER_APPICON_NAME = AppIcon;
				ASSETCATALOG_COMPILER_GLOBAL_ACCENT_COLOR_NAME = AccentColor;
				CODE_SIGN_STYLE = Automatic;
				CURRENT_PROJECT_VERSION = 1;
				DEVELOPMENT_ASSET_PATHS = "\"JunctionApp/Preview Content\"";
				ENABLE_PREVIEWS = YES;
				GENERATE_INFOPLIST_FILE = YES;
				INFOPLIST_KEY_UIApplicationSceneManifest_Generation = YES;
				INFOPLIST_KEY_UIApplicationSupportsIndirectInputEvents = YES;
				INFOPLIST_KEY_UILaunchScreen_Generation = YES;
				INFOPLIST_KEY_UISupportedInterfaceOrientations_iPad = "UIInterfaceOrientationPortrait UIInterfaceOrientationPortraitUpsideDown UIInterfaceOrientationLandscapeLeft UIInterfaceOrientationLandscapeRight";
				INFOPLIST_KEY_UISupportedInterfaceOrientations_iPhone = "UIInterfaceOrientationPortrait UIInterfaceOrientationLandscapeLeft UIInterfaceOrientationLandscapeRight";
				IPHONEOS_DEPLOYMENT_TARGET = 16.0;
				LD_RUNPATH_SEARCH_PATHS = (
					"$(inherited)",
					"@executable_path/Frameworks",
				);
				MARKETING_VERSION = 1.0;
				PRODUCT_BUNDLE_IDENTIFIER = com.phoenix.JunctionApp;
				PRODUCT_NAME = "$(TARGET_NAME)";
				SWIFT_EMIT_LOC_STRINGS = YES;
				SWIFT_VERSION = 5.0;
				TARGETED_DEVICE_FAMILY = "1,2";
			};
			name = Release;
		};
/* End XCBuildConfiguration section */

/* Begin XCConfigurationList section */
		A0874EB229155D5F00F118EA /* Build configuration list for PBXProject "JunctionApp" */ = {
			isa = XCConfigurationList;
			buildConfigurations = (
				A0874EC329155D6100F118EA /* Debug */,
				A0874EC429155D6100F118EA /* Release */,
			);
			defaultConfigurationIsVisible = 0;
			defaultConfigurationName = Release;
		};
		A0874EC529155D6100F118EA /* Build configuration list for PBXNativeTarget "JunctionApp" */ = {
			isa = XCConfigurationList;
			buildConfigurations = (
				A0874EC629155D6100F118EA /* Debug */,
				A0874EC729155D6100F118EA /* Release */,
			);
			defaultConfigurationIsVisible = 0;
			defaultConfigurationName = Release;
		};
/* End XCConfigurationList section */
	};
	rootObject = A0874EAF29155D5F00F118EA /* Project object */;
}
